
Microsoft Visual Studio Solution File, Format Version 12.00
# Visual Studio Version 16
VisualStudioVersion = 16.0.31129.286
MinimumVisualStudioVersion = 10.0.40219.1
Project("{FAE04EC0-301F-11D3-BF4B-00C04F79EFBC}") = "KlijentskaApp", "KlijentskaApp\KlijentskaApp.csproj", "{57B55EDD-9ADB-4B33-9905-50B5C96C8A1B}"
EndProject
Global
	GlobalSection(SolutionConfigurationPlatforms) = preSolution
		Debug|Any CPU = Debug|Any CPU
		Release|Any CPU = Release|Any CPU
	EndGlobalSection
	GlobalSection(ProjectConfigurationPlatforms) = postSolution
		{57B55EDD-9ADB-4B33-9905-50B5C96C8A1B}.Debug|Any CPU.ActiveCfg = Debug|Any CPU
		{57B55EDD-9ADB-4B33-9905-50B5C96C8A1B}.Debug|Any CPU.Build.0 = Debug|Any CPU
		{57B55EDD-9ADB-4B33-9905-50B5C96C8A1B}.Release|Any CPU.ActiveCfg = Release|Any CPU
		{57B55EDD-9ADB-4B33-9905-50B5C96C8A1B}.Release|Any CPU.Build.0 = Release|Any CPU
	EndGlobalSection
	GlobalSection(SolutionProperties) = preSolution
		HideSolutionNode = FALSE
	EndGlobalSection
	GlobalSection(ExtensibilityGlobals) = postSolution
		SolutionGuid = {E536279B-A8F0-41C7-B23E-ECB1FE50FB8D}
	EndGlobalSection
EndGlobal
